// !$*UTF8*$!
{
	archiveVersion = 1;
	classes = {
	};
	objectVersion = 56;
	objects = {

/* Begin PBXBuildFile section */
		23071EE2299391EE00C3167F /* RouteManager.swift in Sources */ = {isa = PBXBuildFile; fileRef = 23071EE1299391EE00C3167F /* RouteManager.swift */; };
		23071EE42993920300C3167F /* RouteManagerImpl.swift in Sources */ = {isa = PBXBuildFile; fileRef = 23071EE32993920300C3167F /* RouteManagerImpl.swift */; };
		23071EE82993924000C3167F /* LocationObject.swift in Sources */ = {isa = PBXBuildFile; fileRef = 23071EE72993924000C3167F /* LocationObject.swift */; };
		23071EEC2993931400C3167F /* ButtonWithAction.swift in Sources */ = {isa = PBXBuildFile; fileRef = 23071EEB2993931400C3167F /* ButtonWithAction.swift */; };
		23071EEE2993934A00C3167F /* TrackButton.swift in Sources */ = {isa = PBXBuildFile; fileRef = 23071EED2993934A00C3167F /* TrackButton.swift */; };
		23071EF8299A461400C3167F /* LoginViewProtocol.swift in Sources */ = {isa = PBXBuildFile; fileRef = 23071EF7299A461400C3167F /* LoginViewProtocol.swift */; };
		23071EFA299A461E00C3167F /* LoginViewController.swift in Sources */ = {isa = PBXBuildFile; fileRef = 23071EF9299A461E00C3167F /* LoginViewController.swift */; };
		23071EFC299A463100C3167F /* LoginPresenter.swift in Sources */ = {isa = PBXBuildFile; fileRef = 23071EFB299A463100C3167F /* LoginPresenter.swift */; };
		23071EFE299A463C00C3167F /* LoginPresenterProtocol.swift in Sources */ = {isa = PBXBuildFile; fileRef = 23071EFD299A463C00C3167F /* LoginPresenterProtocol.swift */; };
		23071F00299A465E00C3167F /* LoginContentView.swift in Sources */ = {isa = PBXBuildFile; fileRef = 23071EFF299A465E00C3167F /* LoginContentView.swift */; };
		23071F02299A471500C3167F /* PasswordRecoverViewProtocol.swift in Sources */ = {isa = PBXBuildFile; fileRef = 23071F01299A471500C3167F /* PasswordRecoverViewProtocol.swift */; };
		23071F04299A472600C3167F /* PasswordRecoverViewController.swift in Sources */ = {isa = PBXBuildFile; fileRef = 23071F03299A472600C3167F /* PasswordRecoverViewController.swift */; };
		23071F06299A474000C3167F /* PasswordRecoverPresenter.swift in Sources */ = {isa = PBXBuildFile; fileRef = 23071F05299A474000C3167F /* PasswordRecoverPresenter.swift */; };
		23071F08299A474B00C3167F /* PasswordRecoverPresenterProtocol.swift in Sources */ = {isa = PBXBuildFile; fileRef = 23071F07299A474B00C3167F /* PasswordRecoverPresenterProtocol.swift */; };
		23071F0A299A475700C3167F /* PasswordRecoverContentView.swift in Sources */ = {isa = PBXBuildFile; fileRef = 23071F09299A475700C3167F /* PasswordRecoverContentView.swift */; };
		2319A0CA298EAF64001E0EB4 /* AppManager.swift in Sources */ = {isa = PBXBuildFile; fileRef = 2319A0C9298EAF64001E0EB4 /* AppManager.swift */; };
		2319A0CD298EC803001E0EB4 /* Model.swift in Sources */ = {isa = PBXBuildFile; fileRef = 2319A0CC298EC803001E0EB4 /* Model.swift */; };
		238376CA298ECF3A00D6C812 /* Logger.swift in Sources */ = {isa = PBXBuildFile; fileRef = 238376C9298ECF3A00D6C812 /* Logger.swift */; };
		23EBCA9B298E9CAA00DAB279 /* AppDelegate.swift in Sources */ = {isa = PBXBuildFile; fileRef = 23EBCA9A298E9CAA00DAB279 /* AppDelegate.swift */; };
		23EBCA9D298E9CAA00DAB279 /* SceneDelegate.swift in Sources */ = {isa = PBXBuildFile; fileRef = 23EBCA9C298E9CAA00DAB279 /* SceneDelegate.swift */; };
		23EBCA9F298E9CAA00DAB279 /* MainViewController.swift in Sources */ = {isa = PBXBuildFile; fileRef = 23EBCA9E298E9CAA00DAB279 /* MainViewController.swift */; };
		23EBCAA4298E9CAD00DAB279 /* Assets.xcassets in Resources */ = {isa = PBXBuildFile; fileRef = 23EBCAA3298E9CAD00DAB279 /* Assets.xcassets */; };
		23EBCAA7298E9CAD00DAB279 /* LaunchScreen.storyboard in Resources */ = {isa = PBXBuildFile; fileRef = 23EBCAA5298E9CAD00DAB279 /* LaunchScreen.storyboard */; };
		23EBCAB5298E9ECB00DAB279 /* MainViewProtocol.swift in Sources */ = {isa = PBXBuildFile; fileRef = 23EBCAB4298E9ECB00DAB279 /* MainViewProtocol.swift */; };
		23EBCAB7298E9EEE00DAB279 /* MainPresenterProtocol.swift in Sources */ = {isa = PBXBuildFile; fileRef = 23EBCAB6298E9EEE00DAB279 /* MainPresenterProtocol.swift */; };
		23EBCAB9298E9EF600DAB279 /* MainPresenter.swift in Sources */ = {isa = PBXBuildFile; fileRef = 23EBCAB8298E9EF600DAB279 /* MainPresenter.swift */; };
		23EBCABB298E9FED00DAB279 /* MainContentView.swift in Sources */ = {isa = PBXBuildFile; fileRef = 23EBCABA298E9FED00DAB279 /* MainContentView.swift */; };
		23EBCAC0298EA15F00DAB279 /* ViewControllerBuilder.swift in Sources */ = {isa = PBXBuildFile; fileRef = 23EBCABF298EA15F00DAB279 /* ViewControllerBuilder.swift */; };
		23EBCAC5298EA19800DAB279 /* PresenterProviderProtocol.swift in Sources */ = {isa = PBXBuildFile; fileRef = 23EBCAC4298EA19800DAB279 /* PresenterProviderProtocol.swift */; };
		23EBCAC7298EA1BD00DAB279 /* PresenterProvider.swift in Sources */ = {isa = PBXBuildFile; fileRef = 23EBCAC6298EA1BD00DAB279 /* PresenterProvider.swift */; };
		79D23E739F8FA62E010FF28B /* Pods_Modern_frameworks_GB.framework in Frameworks */ = {isa = PBXBuildFile; fileRef = B9E2F6B02D5D313CE9A82902 /* Pods_Modern_frameworks_GB.framework */; };
/* End PBXBuildFile section */

/* Begin PBXFileReference section */
		23071EE1299391EE00C3167F /* RouteManager.swift */ = {isa = PBXFileReference; lastKnownFileType = sourcecode.swift; path = RouteManager.swift; sourceTree = "<group>"; };
		23071EE32993920300C3167F /* RouteManagerImpl.swift */ = {isa = PBXFileReference; lastKnownFileType = sourcecode.swift; path = RouteManagerImpl.swift; sourceTree = "<group>"; };
		23071EE72993924000C3167F /* LocationObject.swift */ = {isa = PBXFileReference; lastKnownFileType = sourcecode.swift; path = LocationObject.swift; sourceTree = "<group>"; };
		23071EEB2993931400C3167F /* ButtonWithAction.swift */ = {isa = PBXFileReference; lastKnownFileType = sourcecode.swift; path = ButtonWithAction.swift; sourceTree = "<group>"; };
		23071EED2993934A00C3167F /* TrackButton.swift */ = {isa = PBXFileReference; lastKnownFileType = sourcecode.swift; path = TrackButton.swift; sourceTree = "<group>"; };
		23071EF7299A461400C3167F /* LoginViewProtocol.swift */ = {isa = PBXFileReference; lastKnownFileType = sourcecode.swift; path = LoginViewProtocol.swift; sourceTree = "<group>"; };
		23071EF9299A461E00C3167F /* LoginViewController.swift */ = {isa = PBXFileReference; lastKnownFileType = sourcecode.swift; path = LoginViewController.swift; sourceTree = "<group>"; };
		23071EFB299A463100C3167F /* LoginPresenter.swift */ = {isa = PBXFileReference; lastKnownFileType = sourcecode.swift; path = LoginPresenter.swift; sourceTree = "<group>"; };
		23071EFD299A463C00C3167F /* LoginPresenterProtocol.swift */ = {isa = PBXFileReference; lastKnownFileType = sourcecode.swift; path = LoginPresenterProtocol.swift; sourceTree = "<group>"; };
		23071EFF299A465E00C3167F /* LoginContentView.swift */ = {isa = PBXFileReference; lastKnownFileType = sourcecode.swift; path = LoginContentView.swift; sourceTree = "<group>"; };
		23071F01299A471500C3167F /* PasswordRecoverViewProtocol.swift */ = {isa = PBXFileReference; lastKnownFileType = sourcecode.swift; path = PasswordRecoverViewProtocol.swift; sourceTree = "<group>"; };
		23071F03299A472600C3167F /* PasswordRecoverViewController.swift */ = {isa = PBXFileReference; lastKnownFileType = sourcecode.swift; path = PasswordRecoverViewController.swift; sourceTree = "<group>"; };
		23071F05299A474000C3167F /* PasswordRecoverPresenter.swift */ = {isa = PBXFileReference; lastKnownFileType = sourcecode.swift; path = PasswordRecoverPresenter.swift; sourceTree = "<group>"; };
		23071F07299A474B00C3167F /* PasswordRecoverPresenterProtocol.swift */ = {isa = PBXFileReference; lastKnownFileType = sourcecode.swift; path = PasswordRecoverPresenterProtocol.swift; sourceTree = "<group>"; };
		23071F09299A475700C3167F /* PasswordRecoverContentView.swift */ = {isa = PBXFileReference; lastKnownFileType = sourcecode.swift; path = PasswordRecoverContentView.swift; sourceTree = "<group>"; };
		2319A0C9298EAF64001E0EB4 /* AppManager.swift */ = {isa = PBXFileReference; lastKnownFileType = sourcecode.swift; path = AppManager.swift; sourceTree = "<group>"; };
		2319A0CC298EC803001E0EB4 /* Model.swift */ = {isa = PBXFileReference; lastKnownFileType = sourcecode.swift; path = Model.swift; sourceTree = "<group>"; };
		238376C9298ECF3A00D6C812 /* Logger.swift */ = {isa = PBXFileReference; lastKnownFileType = sourcecode.swift; path = Logger.swift; sourceTree = "<group>"; };
		23EBCA97298E9CAA00DAB279 /* Modern frameworks GB.app */ = {isa = PBXFileReference; explicitFileType = wrapper.application; includeInIndex = 0; path = "Modern frameworks GB.app"; sourceTree = BUILT_PRODUCTS_DIR; };
		23EBCA9A298E9CAA00DAB279 /* AppDelegate.swift */ = {isa = PBXFileReference; lastKnownFileType = sourcecode.swift; path = AppDelegate.swift; sourceTree = "<group>"; };
		23EBCA9C298E9CAA00DAB279 /* SceneDelegate.swift */ = {isa = PBXFileReference; lastKnownFileType = sourcecode.swift; path = SceneDelegate.swift; sourceTree = "<group>"; };
		23EBCA9E298E9CAA00DAB279 /* MainViewController.swift */ = {isa = PBXFileReference; lastKnownFileType = sourcecode.swift; path = MainViewController.swift; sourceTree = "<group>"; };
		23EBCAA3298E9CAD00DAB279 /* Assets.xcassets */ = {isa = PBXFileReference; lastKnownFileType = folder.assetcatalog; path = Assets.xcassets; sourceTree = "<group>"; };
		23EBCAA6298E9CAD00DAB279 /* Base */ = {isa = PBXFileReference; lastKnownFileType = file.storyboard; name = Base; path = Base.lproj/LaunchScreen.storyboard; sourceTree = "<group>"; };
		23EBCAA8298E9CAD00DAB279 /* Info.plist */ = {isa = PBXFileReference; lastKnownFileType = text.plist.xml; path = Info.plist; sourceTree = "<group>"; };
		23EBCAB4298E9ECB00DAB279 /* MainViewProtocol.swift */ = {isa = PBXFileReference; lastKnownFileType = sourcecode.swift; path = MainViewProtocol.swift; sourceTree = "<group>"; };
		23EBCAB6298E9EEE00DAB279 /* MainPresenterProtocol.swift */ = {isa = PBXFileReference; lastKnownFileType = sourcecode.swift; path = MainPresenterProtocol.swift; sourceTree = "<group>"; };
		23EBCAB8298E9EF600DAB279 /* MainPresenter.swift */ = {isa = PBXFileReference; lastKnownFileType = sourcecode.swift; path = MainPresenter.swift; sourceTree = "<group>"; };
		23EBCABA298E9FED00DAB279 /* MainContentView.swift */ = {isa = PBXFileReference; lastKnownFileType = sourcecode.swift; path = MainContentView.swift; sourceTree = "<group>"; };
		23EBCABF298EA15F00DAB279 /* ViewControllerBuilder.swift */ = {isa = PBXFileReference; lastKnownFileType = sourcecode.swift; path = ViewControllerBuilder.swift; sourceTree = "<group>"; };
		23EBCAC4298EA19800DAB279 /* PresenterProviderProtocol.swift */ = {isa = PBXFileReference; lastKnownFileType = sourcecode.swift; path = PresenterProviderProtocol.swift; sourceTree = "<group>"; };
		23EBCAC6298EA1BD00DAB279 /* PresenterProvider.swift */ = {isa = PBXFileReference; lastKnownFileType = sourcecode.swift; path = PresenterProvider.swift; sourceTree = "<group>"; };
		7492C50B40C344147DB101D3 /* Pods-Modern frameworks GB.debug.xcconfig */ = {isa = PBXFileReference; includeInIndex = 1; lastKnownFileType = text.xcconfig; name = "Pods-Modern frameworks GB.debug.xcconfig"; path = "Target Support Files/Pods-Modern frameworks GB/Pods-Modern frameworks GB.debug.xcconfig"; sourceTree = "<group>"; };
		B9E2F6B02D5D313CE9A82902 /* Pods_Modern_frameworks_GB.framework */ = {isa = PBXFileReference; explicitFileType = wrapper.framework; includeInIndex = 0; path = Pods_Modern_frameworks_GB.framework; sourceTree = BUILT_PRODUCTS_DIR; };
		D7AD7C17100B7BA391AB10F1 /* Pods-Modern frameworks GB.release.xcconfig */ = {isa = PBXFileReference; includeInIndex = 1; lastKnownFileType = text.xcconfig; name = "Pods-Modern frameworks GB.release.xcconfig"; path = "Target Support Files/Pods-Modern frameworks GB/Pods-Modern frameworks GB.release.xcconfig"; sourceTree = "<group>"; };
/* End PBXFileReference section */

/* Begin PBXFrameworksBuildPhase section */
		23EBCA94298E9CAA00DAB279 /* Frameworks */ = {
			isa = PBXFrameworksBuildPhase;
			buildActionMask = 2147483647;
			files = (
				79D23E739F8FA62E010FF28B /* Pods_Modern_frameworks_GB.framework in Frameworks */,
			);
			runOnlyForDeploymentPostprocessing = 0;
		};
/* End PBXFrameworksBuildPhase section */

/* Begin PBXGroup section */
		23071EDF299391E200C3167F /* RouteManager */ = {
			isa = PBXGroup;
			children = (
				23071EE1299391EE00C3167F /* RouteManager.swift */,
				23071EE32993920300C3167F /* RouteManagerImpl.swift */,
			);
			path = RouteManager;
			sourceTree = "<group>";
		};
		23071EE52993923100C3167F /* Models */ = {
			isa = PBXGroup;
			children = (
				23071EE62993923900C3167F /* Realm */,
			);
			path = Models;
			sourceTree = "<group>";
		};
		23071EE62993923900C3167F /* Realm */ = {
			isa = PBXGroup;
			children = (
				23071EE72993924000C3167F /* LocationObject.swift */,
			);
			path = Realm;
			sourceTree = "<group>";
		};
		23071EE92993930200C3167F /* Common */ = {
			isa = PBXGroup;
			children = (
				23071EEA2993930800C3167F /* Buttons */,
			);
			path = Common;
			sourceTree = "<group>";
		};
		23071EEA2993930800C3167F /* Buttons */ = {
			isa = PBXGroup;
			children = (
				23071EEB2993931400C3167F /* ButtonWithAction.swift */,
				23071EED2993934A00C3167F /* TrackButton.swift */,
			);
			path = Buttons;
			sourceTree = "<group>";
		};
		23071EEF299A450700C3167F /* Login Screen */ = {
			isa = PBXGroup;
			children = (
				23071EF1299A454D00C3167F /* Components */,
				23071EF3299A455700C3167F /* Presenter */,
				23071EF2299A455300C3167F /* View */,
			);
			path = "Login Screen";
			sourceTree = "<group>";
		};
		23071EF0299A453000C3167F /* PasswordRecoverScreen */ = {
			isa = PBXGroup;
			children = (
				23071EF6299A45E600C3167F /* Components */,
				23071EF5299A45E000C3167F /* Presenter */,
				23071EF4299A45CF00C3167F /* View */,
			);
			path = PasswordRecoverScreen;
			sourceTree = "<group>";
		};
		23071EF1299A454D00C3167F /* Components */ = {
			isa = PBXGroup;
			children = (
				23071EFF299A465E00C3167F /* LoginContentView.swift */,
			);
			path = Components;
			sourceTree = "<group>";
		};
		23071EF2299A455300C3167F /* View */ = {
			isa = PBXGroup;
			children = (
				23071EF7299A461400C3167F /* LoginViewProtocol.swift */,
				23071EF9299A461E00C3167F /* LoginViewController.swift */,
			);
			path = View;
			sourceTree = "<group>";
		};
		23071EF3299A455700C3167F /* Presenter */ = {
			isa = PBXGroup;
			children = (
				23071EFD299A463C00C3167F /* LoginPresenterProtocol.swift */,
				23071EFB299A463100C3167F /* LoginPresenter.swift */,
			);
			path = Presenter;
			sourceTree = "<group>";
		};
		23071EF4299A45CF00C3167F /* View */ = {
			isa = PBXGroup;
			children = (
				23071F01299A471500C3167F /* PasswordRecoverViewProtocol.swift */,
				23071F03299A472600C3167F /* PasswordRecoverViewController.swift */,
			);
			path = View;
			sourceTree = "<group>";
		};
		23071EF5299A45E000C3167F /* Presenter */ = {
			isa = PBXGroup;
			children = (
				23071F07299A474B00C3167F /* PasswordRecoverPresenterProtocol.swift */,
				23071F05299A474000C3167F /* PasswordRecoverPresenter.swift */,
			);
			path = Presenter;
			sourceTree = "<group>";
		};
		23071EF6299A45E600C3167F /* Components */ = {
			isa = PBXGroup;
			children = (
				23071F09299A475700C3167F /* PasswordRecoverContentView.swift */,
			);
			path = Components;
			sourceTree = "<group>";
		};
		2319A0C8298EAF50001E0EB4 /* Managers */ = {
			isa = PBXGroup;
			children = (
				23071EDF299391E200C3167F /* RouteManager */,
				2319A0C9298EAF64001E0EB4 /* AppManager.swift */,
			);
			path = Managers;
			sourceTree = "<group>";
		};
		2319A0CB298EC7EE001E0EB4 /* ContentView */ = {
			isa = PBXGroup;
			children = (
				23EBCABA298E9FED00DAB279 /* MainContentView.swift */,
				2319A0CC298EC803001E0EB4 /* Model.swift */,
			);
			path = ContentView;
			sourceTree = "<group>";
		};
		23EBCA8E298E9CAA00DAB279 = {
			isa = PBXGroup;
			children = (
				23EBCA99298E9CAA00DAB279 /* Modern frameworks GB */,
				23EBCA98298E9CAA00DAB279 /* Products */,
				69E499F2BB700845DB4CBC6B /* Pods */,
				40C9F5BB06A1AF6E41868B73 /* Frameworks */,
			);
			sourceTree = "<group>";
		};
		23EBCA98298E9CAA00DAB279 /* Products */ = {
			isa = PBXGroup;
			children = (
				23EBCA97298E9CAA00DAB279 /* Modern frameworks GB.app */,
			);
			name = Products;
			sourceTree = "<group>";
		};
		23EBCA99298E9CAA00DAB279 /* Modern frameworks GB */ = {
			isa = PBXGroup;
			children = (
				23071EE92993930200C3167F /* Common */,
				23071EE52993923100C3167F /* Models */,
				2319A0C8298EAF50001E0EB4 /* Managers */,
				23EBCAC1298EA17000DAB279 /* Providers */,
				23EBCABE298EA15000DAB279 /* Builders */,
				23EBCAAF298E9D2800DAB279 /* Screens */,
				23EBCAAE298E9CB700DAB279 /* Core */,
			);
			path = "Modern frameworks GB";
			sourceTree = "<group>";
		};
		23EBCAAE298E9CB700DAB279 /* Core */ = {
			isa = PBXGroup;
			children = (
				23EBCA9A298E9CAA00DAB279 /* AppDelegate.swift */,
				23EBCA9C298E9CAA00DAB279 /* SceneDelegate.swift */,
				23EBCAA3298E9CAD00DAB279 /* Assets.xcassets */,
				23EBCAA5298E9CAD00DAB279 /* LaunchScreen.storyboard */,
				23EBCAA8298E9CAD00DAB279 /* Info.plist */,
				238376C9298ECF3A00D6C812 /* Logger.swift */,
			);
			path = Core;
			sourceTree = "<group>";
		};
		23EBCAAF298E9D2800DAB279 /* Screens */ = {
			isa = PBXGroup;
			children = (
				23071EF0299A453000C3167F /* PasswordRecoverScreen */,
				23071EEF299A450700C3167F /* Login Screen */,
				23EBCAB0298E9E8400DAB279 /* Main Screen */,
			);
			path = Screens;
			sourceTree = "<group>";
		};
		23EBCAB0298E9E8400DAB279 /* Main Screen */ = {
			isa = PBXGroup;
			children = (
				23EBCAB3298E9EB900DAB279 /* Components */,
				23EBCAB2298E9EAF00DAB279 /* View */,
				23EBCAB1298E9EA900DAB279 /* Presenter */,
			);
			path = "Main Screen";
			sourceTree = "<group>";
		};
		23EBCAB1298E9EA900DAB279 /* Presenter */ = {
			isa = PBXGroup;
			children = (
				23EBCAB6298E9EEE00DAB279 /* MainPresenterProtocol.swift */,
				23EBCAB8298E9EF600DAB279 /* MainPresenter.swift */,
			);
			path = Presenter;
			sourceTree = "<group>";
		};
		23EBCAB2298E9EAF00DAB279 /* View */ = {
			isa = PBXGroup;
			children = (
				23EBCAB4298E9ECB00DAB279 /* MainViewProtocol.swift */,
				23EBCA9E298E9CAA00DAB279 /* MainViewController.swift */,
			);
			path = View;
			sourceTree = "<group>";
		};
		23EBCAB3298E9EB900DAB279 /* Components */ = {
			isa = PBXGroup;
			children = (
				2319A0CB298EC7EE001E0EB4 /* ContentView */,
			);
			path = Components;
			sourceTree = "<group>";
		};
		23EBCABE298EA15000DAB279 /* Builders */ = {
			isa = PBXGroup;
			children = (
				23EBCABF298EA15F00DAB279 /* ViewControllerBuilder.swift */,
			);
			path = Builders;
			sourceTree = "<group>";
		};
		23EBCAC1298EA17000DAB279 /* Providers */ = {
			isa = PBXGroup;
			children = (
				23EBCAC2298EA17A00DAB279 /* Presenter */,
			);
			path = Providers;
			sourceTree = "<group>";
		};
		23EBCAC2298EA17A00DAB279 /* Presenter */ = {
			isa = PBXGroup;
			children = (
				23EBCAC4298EA19800DAB279 /* PresenterProviderProtocol.swift */,
				23EBCAC6298EA1BD00DAB279 /* PresenterProvider.swift */,
			);
			path = Presenter;
			sourceTree = "<group>";
		};
		40C9F5BB06A1AF6E41868B73 /* Frameworks */ = {
			isa = PBXGroup;
			children = (
				B9E2F6B02D5D313CE9A82902 /* Pods_Modern_frameworks_GB.framework */,
			);
			name = Frameworks;
			sourceTree = "<group>";
		};
		69E499F2BB700845DB4CBC6B /* Pods */ = {
			isa = PBXGroup;
			children = (
				7492C50B40C344147DB101D3 /* Pods-Modern frameworks GB.debug.xcconfig */,
				D7AD7C17100B7BA391AB10F1 /* Pods-Modern frameworks GB.release.xcconfig */,
			);
			path = Pods;
			sourceTree = "<group>";
		};
/* End PBXGroup section */

/* Begin PBXNativeTarget section */
		23EBCA96298E9CAA00DAB279 /* Modern frameworks GB */ = {
			isa = PBXNativeTarget;
			buildConfigurationList = 23EBCAAB298E9CAD00DAB279 /* Build configuration list for PBXNativeTarget "Modern frameworks GB" */;
			buildPhases = (
				F5C868B2F657A958B9038ECE /* [CP] Check Pods Manifest.lock */,
				23EBCA93298E9CAA00DAB279 /* Sources */,
				23EBCA94298E9CAA00DAB279 /* Frameworks */,
				23EBCA95298E9CAA00DAB279 /* Resources */,
				F32DD33780950C1C778BBD41 /* [CP] Copy Pods Resources */,
				772F3ACBC0FA44CFDDBC1C49 /* [CP] Embed Pods Frameworks */,
			);
			buildRules = (
			);
			dependencies = (
			);
			name = "Modern frameworks GB";
			productName = "Modern frameworks GB";
			productReference = 23EBCA97298E9CAA00DAB279 /* Modern frameworks GB.app */;
			productType = "com.apple.product-type.application";
		};
/* End PBXNativeTarget section */

/* Begin PBXProject section */
		23EBCA8F298E9CAA00DAB279 /* Project object */ = {
			isa = PBXProject;
			attributes = {
				BuildIndependentTargetsInParallel = 1;
				LastSwiftUpdateCheck = 1420;
				LastUpgradeCheck = 1420;
				TargetAttributes = {
					23EBCA96298E9CAA00DAB279 = {
						CreatedOnToolsVersion = 14.2;
					};
				};
			};
			buildConfigurationList = 23EBCA92298E9CAA00DAB279 /* Build configuration list for PBXProject "Modern frameworks GB" */;
			compatibilityVersion = "Xcode 14.0";
			developmentRegion = en;
			hasScannedForEncodings = 0;
			knownRegions = (
				en,
				Base,
			);
			mainGroup = 23EBCA8E298E9CAA00DAB279;
			productRefGroup = 23EBCA98298E9CAA00DAB279 /* Products */;
			projectDirPath = "";
			projectRoot = "";
			targets = (
				23EBCA96298E9CAA00DAB279 /* Modern frameworks GB */,
			);
		};
/* End PBXProject section */

/* Begin PBXResourcesBuildPhase section */
		23EBCA95298E9CAA00DAB279 /* Resources */ = {
			isa = PBXResourcesBuildPhase;
			buildActionMask = 2147483647;
			files = (
				23EBCAA7298E9CAD00DAB279 /* LaunchScreen.storyboard in Resources */,
				23EBCAA4298E9CAD00DAB279 /* Assets.xcassets in Resources */,
			);
			runOnlyForDeploymentPostprocessing = 0;
		};
/* End PBXResourcesBuildPhase section */

/* Begin PBXShellScriptBuildPhase section */
		772F3ACBC0FA44CFDDBC1C49 /* [CP] Embed Pods Frameworks */ = {
			isa = PBXShellScriptBuildPhase;
			buildActionMask = 2147483647;
			files = (
			);
			inputFileListPaths = (
				"${PODS_ROOT}/Target Support Files/Pods-Modern frameworks GB/Pods-Modern frameworks GB-frameworks-${CONFIGURATION}-input-files.xcfilelist",
			);
			name = "[CP] Embed Pods Frameworks";
			outputFileListPaths = (
				"${PODS_ROOT}/Target Support Files/Pods-Modern frameworks GB/Pods-Modern frameworks GB-frameworks-${CONFIGURATION}-output-files.xcfilelist",
			);
			runOnlyForDeploymentPostprocessing = 0;
			shellPath = /bin/sh;
			shellScript = "\"${PODS_ROOT}/Target Support Files/Pods-Modern frameworks GB/Pods-Modern frameworks GB-frameworks.sh\"\n";
			showEnvVarsInLog = 0;
		};
		F32DD33780950C1C778BBD41 /* [CP] Copy Pods Resources */ = {
			isa = PBXShellScriptBuildPhase;
			buildActionMask = 2147483647;
			files = (
			);
			inputFileListPaths = (
				"${PODS_ROOT}/Target Support Files/Pods-Modern frameworks GB/Pods-Modern frameworks GB-resources-${CONFIGURATION}-input-files.xcfilelist",
			);
			name = "[CP] Copy Pods Resources";
			outputFileListPaths = (
				"${PODS_ROOT}/Target Support Files/Pods-Modern frameworks GB/Pods-Modern frameworks GB-resources-${CONFIGURATION}-output-files.xcfilelist",
			);
			runOnlyForDeploymentPostprocessing = 0;
			shellPath = /bin/sh;
			shellScript = "\"${PODS_ROOT}/Target Support Files/Pods-Modern frameworks GB/Pods-Modern frameworks GB-resources.sh\"\n";
			showEnvVarsInLog = 0;
		};
		F5C868B2F657A958B9038ECE /* [CP] Check Pods Manifest.lock */ = {
			isa = PBXShellScriptBuildPhase;
			buildActionMask = 2147483647;
			files = (
			);
			inputFileListPaths = (
			);
			inputPaths = (
				"${PODS_PODFILE_DIR_PATH}/Podfile.lock",
				"${PODS_ROOT}/Manifest.lock",
			);
			name = "[CP] Check Pods Manifest.lock";
			outputFileListPaths = (
			);
			outputPaths = (
				"$(DERIVED_FILE_DIR)/Pods-Modern frameworks GB-checkManifestLockResult.txt",
			);
			runOnlyForDeploymentPostprocessing = 0;
			shellPath = /bin/sh;
			shellScript = "diff \"${PODS_PODFILE_DIR_PATH}/Podfile.lock\" \"${PODS_ROOT}/Manifest.lock\" > /dev/null\nif [ $? != 0 ] ; then\n    # print error to STDERR\n    echo \"error: The sandbox is not in sync with the Podfile.lock. Run 'pod install' or update your CocoaPods installation.\" >&2\n    exit 1\nfi\n# This output is used by Xcode 'outputs' to avoid re-running this script phase.\necho \"SUCCESS\" > \"${SCRIPT_OUTPUT_FILE_0}\"\n";
			showEnvVarsInLog = 0;
		};
/* End PBXShellScriptBuildPhase section */

/* Begin PBXSourcesBuildPhase section */
		23EBCA93298E9CAA00DAB279 /* Sources */ = {
			isa = PBXSourcesBuildPhase;
			buildActionMask = 2147483647;
			files = (
				23EBCAC7298EA1BD00DAB279 /* PresenterProvider.swift in Sources */,
				23071EEC2993931400C3167F /* ButtonWithAction.swift in Sources */,
				23071F00299A465E00C3167F /* LoginContentView.swift in Sources */,
				23071F08299A474B00C3167F /* PasswordRecoverPresenterProtocol.swift in Sources */,
				23071F0A299A475700C3167F /* PasswordRecoverContentView.swift in Sources */,
				23071F02299A471500C3167F /* PasswordRecoverViewProtocol.swift in Sources */,
				23EBCAB7298E9EEE00DAB279 /* MainPresenterProtocol.swift in Sources */,
				23EBCABB298E9FED00DAB279 /* MainContentView.swift in Sources */,
				23071EFE299A463C00C3167F /* LoginPresenterProtocol.swift in Sources */,
				2319A0CD298EC803001E0EB4 /* Model.swift in Sources */,
				23EBCAB9298E9EF600DAB279 /* MainPresenter.swift in Sources */,
				23071EE2299391EE00C3167F /* RouteManager.swift in Sources */,
				23EBCA9F298E9CAA00DAB279 /* MainViewController.swift in Sources */,
				23071EFA299A461E00C3167F /* LoginViewController.swift in Sources */,
				23071EFC299A463100C3167F /* LoginPresenter.swift in Sources */,
				23EBCAB5298E9ECB00DAB279 /* MainViewProtocol.swift in Sources */,
				23EBCA9B298E9CAA00DAB279 /* AppDelegate.swift in Sources */,
				23071EE42993920300C3167F /* RouteManagerImpl.swift in Sources */,
				2319A0CA298EAF64001E0EB4 /* AppManager.swift in Sources */,
				238376CA298ECF3A00D6C812 /* Logger.swift in Sources */,
				23EBCAC5298EA19800DAB279 /* PresenterProviderProtocol.swift in Sources */,
				23EBCA9D298E9CAA00DAB279 /* SceneDelegate.swift in Sources */,
				23071EEE2993934A00C3167F /* TrackButton.swift in Sources */,
				23071F04299A472600C3167F /* PasswordRecoverViewController.swift in Sources */,
				23071F06299A474000C3167F /* PasswordRecoverPresenter.swift in Sources */,
				23071EF8299A461400C3167F /* LoginViewProtocol.swift in Sources */,
				23EBCAC0298EA15F00DAB279 /* ViewControllerBuilder.swift in Sources */,
				23071EE82993924000C3167F /* LocationObject.swift in Sources */,
			);
			runOnlyForDeploymentPostprocessing = 0;
		};
/* End PBXSourcesBuildPhase section */

/* Begin PBXVariantGroup section */
		23EBCAA5298E9CAD00DAB279 /* LaunchScreen.storyboard */ = {
			isa = PBXVariantGroup;
			children = (
				23EBCAA6298E9CAD00DAB279 /* Base */,
			);
			name = LaunchScreen.storyboard;
			sourceTree = "<group>";
		};
/* End PBXVariantGroup section */

/* Begin XCBuildConfiguration section */
		23EBCAA9298E9CAD00DAB279 /* Debug */ = {
			isa = XCBuildConfiguration;
			buildSettings = {
				ALWAYS_SEARCH_USER_PATHS = NO;
				CLANG_ANALYZER_NONNULL = YES;
				CLANG_ANALYZER_NUMBER_OBJECT_CONVERSION = YES_AGGRESSIVE;
				CLANG_CXX_LANGUAGE_STANDARD = "gnu++20";
				CLANG_ENABLE_MODULES = YES;
				CLANG_ENABLE_OBJC_ARC = YES;
				CLANG_ENABLE_OBJC_WEAK = YES;
				CLANG_WARN_BLOCK_CAPTURE_AUTORELEASING = YES;
				CLANG_WARN_BOOL_CONVERSION = YES;
				CLANG_WARN_COMMA = YES;
				CLANG_WARN_CONSTANT_CONVERSION = YES;
				CLANG_WARN_DEPRECATED_OBJC_IMPLEMENTATIONS = YES;
				CLANG_WARN_DIRECT_OBJC_ISA_USAGE = YES_ERROR;
				CLANG_WARN_DOCUMENTATION_COMMENTS = YES;
				CLANG_WARN_EMPTY_BODY = YES;
				CLANG_WARN_ENUM_CONVERSION = YES;
				CLANG_WARN_INFINITE_RECURSION = YES;
				CLANG_WARN_INT_CONVERSION = YES;
				CLANG_WARN_NON_LITERAL_NULL_CONVERSION = YES;
				CLANG_WARN_OBJC_IMPLICIT_RETAIN_SELF = YES;
				CLANG_WARN_OBJC_LITERAL_CONVERSION = YES;
				CLANG_WARN_OBJC_ROOT_CLASS = YES_ERROR;
				CLANG_WARN_QUOTED_INCLUDE_IN_FRAMEWORK_HEADER = YES;
				CLANG_WARN_RANGE_LOOP_ANALYSIS = YES;
				CLANG_WARN_STRICT_PROTOTYPES = YES;
				CLANG_WARN_SUSPICIOUS_MOVE = YES;
				CLANG_WARN_UNGUARDED_AVAILABILITY = YES_AGGRESSIVE;
				CLANG_WARN_UNREACHABLE_CODE = YES;
				CLANG_WARN__DUPLICATE_METHOD_MATCH = YES;
				COPY_PHASE_STRIP = NO;
				DEBUG_INFORMATION_FORMAT = dwarf;
				ENABLE_STRICT_OBJC_MSGSEND = YES;
				ENABLE_TESTABILITY = YES;
				GCC_C_LANGUAGE_STANDARD = gnu11;
				GCC_DYNAMIC_NO_PIC = NO;
				GCC_NO_COMMON_BLOCKS = YES;
				GCC_OPTIMIZATION_LEVEL = 0;
				GCC_PREPROCESSOR_DEFINITIONS = (
					"DEBUG=1",
					"$(inherited)",
				);
				GCC_WARN_64_TO_32_BIT_CONVERSION = YES;
				GCC_WARN_ABOUT_RETURN_TYPE = YES_ERROR;
				GCC_WARN_UNDECLARED_SELECTOR = YES;
				GCC_WARN_UNINITIALIZED_AUTOS = YES_AGGRESSIVE;
				GCC_WARN_UNUSED_FUNCTION = YES;
				GCC_WARN_UNUSED_VARIABLE = YES;
				IPHONEOS_DEPLOYMENT_TARGET = 16.2;
				MTL_ENABLE_DEBUG_INFO = INCLUDE_SOURCE;
				MTL_FAST_MATH = YES;
				ONLY_ACTIVE_ARCH = YES;
				SDKROOT = iphoneos;
				SWIFT_ACTIVE_COMPILATION_CONDITIONS = DEBUG;
				SWIFT_OPTIMIZATION_LEVEL = "-Onone";
			};
			name = Debug;
		};
		23EBCAAA298E9CAD00DAB279 /* Release */ = {
			isa = XCBuildConfiguration;
			buildSettings = {
				ALWAYS_SEARCH_USER_PATHS = NO;
				CLANG_ANALYZER_NONNULL = YES;
				CLANG_ANALYZER_NUMBER_OBJECT_CONVERSION = YES_AGGRESSIVE;
				CLANG_CXX_LANGUAGE_STANDARD = "gnu++20";
				CLANG_ENABLE_MODULES = YES;
				CLANG_ENABLE_OBJC_ARC = YES;
				CLANG_ENABLE_OBJC_WEAK = YES;
				CLANG_WARN_BLOCK_CAPTURE_AUTORELEASING = YES;
				CLANG_WARN_BOOL_CONVERSION = YES;
				CLANG_WARN_COMMA = YES;
				CLANG_WARN_CONSTANT_CONVERSION = YES;
				CLANG_WARN_DEPRECATED_OBJC_IMPLEMENTATIONS = YES;
				CLANG_WARN_DIRECT_OBJC_ISA_USAGE = YES_ERROR;
				CLANG_WARN_DOCUMENTATION_COMMENTS = YES;
				CLANG_WARN_EMPTY_BODY = YES;
				CLANG_WARN_ENUM_CONVERSION = YES;
				CLANG_WARN_INFINITE_RECURSION = YES;
				CLANG_WARN_INT_CONVERSION = YES;
				CLANG_WARN_NON_LITERAL_NULL_CONVERSION = YES;
				CLANG_WARN_OBJC_IMPLICIT_RETAIN_SELF = YES;
				CLANG_WARN_OBJC_LITERAL_CONVERSION = YES;
				CLANG_WARN_OBJC_ROOT_CLASS = YES_ERROR;
				CLANG_WARN_QUOTED_INCLUDE_IN_FRAMEWORK_HEADER = YES;
				CLANG_WARN_RANGE_LOOP_ANALYSIS = YES;
				CLANG_WARN_STRICT_PROTOTYPES = YES;
				CLANG_WARN_SUSPICIOUS_MOVE = YES;
				CLANG_WARN_UNGUARDED_AVAILABILITY = YES_AGGRESSIVE;
				CLANG_WARN_UNREACHABLE_CODE = YES;
				CLANG_WARN__DUPLICATE_METHOD_MATCH = YES;
				COPY_PHASE_STRIP = NO;
				DEBUG_INFORMATION_FORMAT = "dwarf-with-dsym";
				ENABLE_NS_ASSERTIONS = NO;
				ENABLE_STRICT_OBJC_MSGSEND = YES;
				GCC_C_LANGUAGE_STANDARD = gnu11;
				GCC_NO_COMMON_BLOCKS = YES;
				GCC_WARN_64_TO_32_BIT_CONVERSION = YES;
				GCC_WARN_ABOUT_RETURN_TYPE = YES_ERROR;
				GCC_WARN_UNDECLARED_SELECTOR = YES;
				GCC_WARN_UNINITIALIZED_AUTOS = YES_AGGRESSIVE;
				GCC_WARN_UNUSED_FUNCTION = YES;
				GCC_WARN_UNUSED_VARIABLE = YES;
				IPHONEOS_DEPLOYMENT_TARGET = 16.2;
				MTL_ENABLE_DEBUG_INFO = NO;
				MTL_FAST_MATH = YES;
				SDKROOT = iphoneos;
				SWIFT_COMPILATION_MODE = wholemodule;
				SWIFT_OPTIMIZATION_LEVEL = "-O";
				VALIDATE_PRODUCT = YES;
			};
			name = Release;
		};
		23EBCAAC298E9CAD00DAB279 /* Debug */ = {
			isa = XCBuildConfiguration;
			baseConfigurationReference = 7492C50B40C344147DB101D3 /* Pods-Modern frameworks GB.debug.xcconfig */;
			buildSettings = {
				ASSETCATALOG_COMPILER_APPICON_NAME = AppIcon;
				ASSETCATALOG_COMPILER_GLOBAL_ACCENT_COLOR_NAME = AccentColor;
				CODE_SIGN_STYLE = Automatic;
				CURRENT_PROJECT_VERSION = 1;
				DEVELOPMENT_TEAM = XK4SFX342S;
				GENERATE_INFOPLIST_FILE = YES;
				INFOPLIST_FILE = "Modern frameworks GB/Core/Info.plist";
				INFOPLIST_KEY_NSLocationWhenInUseUsageDescription = "Provide access to your position";
				INFOPLIST_KEY_UIApplicationSupportsIndirectInputEvents = YES;
				INFOPLIST_KEY_UILaunchStoryboardName = LaunchScreen;
				INFOPLIST_KEY_UIMainStoryboardFile = "";
				INFOPLIST_KEY_UISupportedInterfaceOrientations_iPad = "UIInterfaceOrientationPortrait UIInterfaceOrientationPortraitUpsideDown UIInterfaceOrientationLandscapeLeft UIInterfaceOrientationLandscapeRight";
				INFOPLIST_KEY_UISupportedInterfaceOrientations_iPhone = "UIInterfaceOrientationPortrait UIInterfaceOrientationLandscapeLeft UIInterfaceOrientationLandscapeRight";
				LD_RUNPATH_SEARCH_PATHS = (
					"$(inherited)",
					"@executable_path/Frameworks",
				);
				MARKETING_VERSION = 1.0;
				PRODUCT_BUNDLE_IDENTIFIER = "ntnsvtsv.Modern-frameworks-GB";
				PRODUCT_NAME = "$(TARGET_NAME)";
				SWIFT_EMIT_LOC_STRINGS = YES;
				SWIFT_VERSION = 5.0;
				TARGETED_DEVICE_FAMILY = "1,2";
			};
			name = Debug;
		};
		23EBCAAD298E9CAD00DAB279 /* Release */ = {
			isa = XCBuildConfiguration;
			baseConfigurationReference = D7AD7C17100B7BA391AB10F1 /* Pods-Modern frameworks GB.release.xcconfig */;
			buildSettings = {
				ASSETCATALOG_COMPILER_APPICON_NAME = AppIcon;
				ASSETCATALOG_COMPILER_GLOBAL_ACCENT_COLOR_NAME = AccentColor;
				CODE_SIGN_STYLE = Automatic;
				CURRENT_PROJECT_VERSION = 1;
				DEVELOPMENT_TEAM = XK4SFX342S;
				GENERATE_INFOPLIST_FILE = YES;
				INFOPLIST_FILE = "Modern frameworks GB/Core/Info.plist";
				INFOPLIST_KEY_NSLocationWhenInUseUsageDescription = "Provide access to your position";
				INFOPLIST_KEY_UIApplicationSupportsIndirectInputEvents = YES;
				INFOPLIST_KEY_UILaunchStoryboardName = LaunchScreen;
				INFOPLIST_KEY_UIMainStoryboardFile = "";
				INFOPLIST_KEY_UISupportedInterfaceOrientations_iPad = "UIInterfaceOrientationPortrait UIInterfaceOrientationPortraitUpsideDown UIInterfaceOrientationLandscapeLeft UIInterfaceOrientationLandscapeRight";
				INFOPLIST_KEY_UISupportedInterfaceOrientations_iPhone = "UIInterfaceOrientationPortrait UIInterfaceOrientationLandscapeLeft UIInterfaceOrientationLandscapeRight";
				LD_RUNPATH_SEARCH_PATHS = (
					"$(inherited)",
					"@executable_path/Frameworks",
				);
				MARKETING_VERSION = 1.0;
				PRODUCT_BUNDLE_IDENTIFIER = "ntnsvtsv.Modern-frameworks-GB";
				PRODUCT_NAME = "$(TARGET_NAME)";
				SWIFT_EMIT_LOC_STRINGS = YES;
				SWIFT_VERSION = 5.0;
				TARGETED_DEVICE_FAMILY = "1,2";
			};
			name = Release;
		};
/* End XCBuildConfiguration section */

/* Begin XCConfigurationList section */
		23EBCA92298E9CAA00DAB279 /* Build configuration list for PBXProject "Modern frameworks GB" */ = {
			isa = XCConfigurationList;
			buildConfigurations = (
				23EBCAA9298E9CAD00DAB279 /* Debug */,
				23EBCAAA298E9CAD00DAB279 /* Release */,
			);
			defaultConfigurationIsVisible = 0;
			defaultConfigurationName = Release;
		};
		23EBCAAB298E9CAD00DAB279 /* Build configuration list for PBXNativeTarget "Modern frameworks GB" */ = {
			isa = XCConfigurationList;
			buildConfigurations = (
				23EBCAAC298E9CAD00DAB279 /* Debug */,
				23EBCAAD298E9CAD00DAB279 /* Release */,
			);
			defaultConfigurationIsVisible = 0;
			defaultConfigurationName = Release;
		};
/* End XCConfigurationList section */
	};
	rootObject = 23EBCA8F298E9CAA00DAB279 /* Project object */;
}
